// !$*UTF8*$!
{
	archiveVersion = 1;
	classes = {
	};
	objectVersion = 77;
	objects = {

/* Begin PBXBuildFile section */
		6074F2AD2D8248220033F37F /* shared.xcframework in Frameworks */ = {isa = PBXBuildFile; fileRef = 6074F2AC2D8248220033F37F /* shared.xcframework */; };
/* End PBXBuildFile section */

/* Begin PBXContainerItemProxy section */
		600EAEE22D736EEC00F45FA4 /* PBXContainerItemProxy */ = {
			isa = PBXContainerItemProxy;
			containerPortal = 600EAEC52D736EEA00F45FA4 /* Project object */;
			proxyType = 1;
			remoteGlobalIDString = 600EAECC2D736EEA00F45FA4;
			remoteInfo = Die;
		};
		600EAEEC2D736EEC00F45FA4 /* PBXContainerItemProxy */ = {
			isa = PBXContainerItemProxy;
			containerPortal = 600EAEC52D736EEA00F45FA4 /* Project object */;
			proxyType = 1;
			remoteGlobalIDString = 600EAECC2D736EEA00F45FA4;
			remoteInfo = Die;
		};
/* End PBXContainerItemProxy section */

/* Begin PBXFileReference section */
		600EAECD2D736EEA00F45FA4 /* Die.app */ = {isa = PBXFileReference; explicitFileType = wrapper.application; includeInIndex = 0; path = Die.app; sourceTree = BUILT_PRODUCTS_DIR; };
		600EAEE12D736EEC00F45FA4 /* DieTests.xctest */ = {isa = PBXFileReference; explicitFileType = wrapper.cfbundle; includeInIndex = 0; path = DieTests.xctest; sourceTree = BUILT_PRODUCTS_DIR; };
		600EAEEB2D736EEC00F45FA4 /* DieUITests.xctest */ = {isa = PBXFileReference; explicitFileType = wrapper.cfbundle; includeInIndex = 0; path = DieUITests.xctest; sourceTree = BUILT_PRODUCTS_DIR; };
		6074F2AC2D8248220033F37F /* shared.xcframework */ = {isa = PBXFileReference; lastKnownFileType = wrapper.xcframework; path = shared.xcframework; sourceTree = "<group>"; };
/* End PBXFileReference section */

/* Begin PBXFileSystemSynchronizedBuildFileExceptionSet section */
		600EAEF32D736EEC00F45FA4 /* Exceptions for "Die" folder in "Die" target */ = {
			isa = PBXFileSystemSynchronizedBuildFileExceptionSet;
			membershipExceptions = (
				Info.plist,
			);
			target = 600EAECC2D736EEA00F45FA4 /* Die */;
		};
/* End PBXFileSystemSynchronizedBuildFileExceptionSet section */

/* Begin PBXFileSystemSynchronizedRootGroup section */
		600EAECF2D736EEA00F45FA4 /* Die */ = {
			isa = PBXFileSystemSynchronizedRootGroup;
			exceptions = (
				600EAEF32D736EEC00F45FA4 /* Exceptions for "Die" folder in "Die" target */,
			);
			path = Die;
			sourceTree = "<group>";
		};
		600EAEE42D736EEC00F45FA4 /* DieTests */ = {
			isa = PBXFileSystemSynchronizedRootGroup;
			path = DieTests;
			sourceTree = "<group>";
		};
		600EAEEE2D736EEC00F45FA4 /* DieUITests */ = {
			isa = PBXFileSystemSynchronizedRootGroup;
			path = DieUITests;
			sourceTree = "<group>";
		};
/* End PBXFileSystemSynchronizedRootGroup section */

/* Begin PBXFrameworksBuildPhase section */
		600EAECA2D736EEA00F45FA4 /* Frameworks */ = {
			isa = PBXFrameworksBuildPhase;
			buildActionMask = 2147483647;
			files = (
				6074F2AD2D8248220033F37F /* shared.xcframework in Frameworks */,
			);
			runOnlyForDeploymentPostprocessing = 0;
		};
		600EAEDE2D736EEC00F45FA4 /* Frameworks */ = {
			isa = PBXFrameworksBuildPhase;
			buildActionMask = 2147483647;
			files = (
			);
			runOnlyForDeploymentPostprocessing = 0;
		};
		600EAEE82D736EEC00F45FA4 /* Frameworks */ = {
			isa = PBXFrameworksBuildPhase;
			buildActionMask = 2147483647;
			files = (
			);
			runOnlyForDeploymentPostprocessing = 0;
		};
/* End PBXFrameworksBuildPhase section */

/* Begin PBXGroup section */
		600EAEC42D736EEA00F45FA4 = {
			isa = PBXGroup;
			children = (
				6074F2AC2D8248220033F37F /* shared.xcframework */,
				600EAECF2D736EEA00F45FA4 /* Die */,
				600EAEE42D736EEC00F45FA4 /* DieTests */,
				600EAEEE2D736EEC00F45FA4 /* DieUITests */,
				600EAECE2D736EEA00F45FA4 /* Products */,
			);
			sourceTree = "<group>";
		};
		600EAECE2D736EEA00F45FA4 /* Products */ = {
			isa = PBXGroup;
			children = (
				600EAECD2D736EEA00F45FA4 /* Die.app */,
				600EAEE12D736EEC00F45FA4 /* DieTests.xctest */,
				600EAEEB2D736EEC00F45FA4 /* DieUITests.xctest */,
			);
			name = Products;
			sourceTree = "<group>";
		};
/* End PBXGroup section */

/* Begin PBXNativeTarget section */
		600EAECC2D736EEA00F45FA4 /* Die */ = {
			isa = PBXNativeTarget;
			buildConfigurationList = 600EAEF42D736EEC00F45FA4 /* Build configuration list for PBXNativeTarget "Die" */;
			buildPhases = (
				600EAEC92D736EEA00F45FA4 /* Sources */,
				600EAECA2D736EEA00F45FA4 /* Frameworks */,
				600EAECB2D736EEA00F45FA4 /* Resources */,
			);
			buildRules = (
			);
			dependencies = (
			);
			fileSystemSynchronizedGroups = (
				600EAECF2D736EEA00F45FA4 /* Die */,
			);
			name = Die;
			packageProductDependencies = (
			);
			productName = Die;
			productReference = 600EAECD2D736EEA00F45FA4 /* Die.app */;
			productType = "com.apple.product-type.application";
		};
		600EAEE02D736EEC00F45FA4 /* DieTests */ = {
			isa = PBXNativeTarget;
			buildConfigurationList = 600EAEF92D736EEC00F45FA4 /* Build configuration list for PBXNativeTarget "DieTests" */;
			buildPhases = (
				600EAEDD2D736EEC00F45FA4 /* Sources */,
				600EAEDE2D736EEC00F45FA4 /* Frameworks */,
				600EAEDF2D736EEC00F45FA4 /* Resources */,
			);
			buildRules = (
			);
			dependencies = (
				600EAEE32D736EEC00F45FA4 /* PBXTargetDependency */,
			);
			fileSystemSynchronizedGroups = (
				600EAEE42D736EEC00F45FA4 /* DieTests */,
			);
			name = DieTests;
			packageProductDependencies = (
			);
			productName = DieTests;
			productReference = 600EAEE12D736EEC00F45FA4 /* DieTests.xctest */;
			productType = "com.apple.product-type.bundle.unit-test";
		};
		600EAEEA2D736EEC00F45FA4 /* DieUITests */ = {
			isa = PBXNativeTarget;
			buildConfigurationList = 600EAEFC2D736EEC00F45FA4 /* Build configuration list for PBXNativeTarget "DieUITests" */;
			buildPhases = (
				600EAEE72D736EEC00F45FA4 /* Sources */,
				600EAEE82D736EEC00F45FA4 /* Frameworks */,
				600EAEE92D736EEC00F45FA4 /* Resources */,
			);
			buildRules = (
			);
			dependencies = (
				600EAEED2D736EEC00F45FA4 /* PBXTargetDependency */,
			);
			fileSystemSynchronizedGroups = (
				600EAEEE2D736EEC00F45FA4 /* DieUITests */,
			);
			name = DieUITests;
			packageProductDependencies = (
			);
			productName = DieUITests;
			productReference = 600EAEEB2D736EEC00F45FA4 /* DieUITests.xctest */;
			productType = "com.apple.product-type.bundle.ui-testing";
		};
/* End PBXNativeTarget section */

/* Begin PBXProject section */
		600EAEC52D736EEA00F45FA4 /* Project object */ = {
			isa = PBXProject;
			attributes = {
				BuildIndependentTargetsInParallel = 1;
				LastSwiftUpdateCheck = 1600;
				LastUpgradeCheck = 1600;
				TargetAttributes = {
					600EAECC2D736EEA00F45FA4 = {
						CreatedOnToolsVersion = 16.0;
					};
					600EAEE02D736EEC00F45FA4 = {
						CreatedOnToolsVersion = 16.0;
						TestTargetID = 600EAECC2D736EEA00F45FA4;
					};
					600EAEEA2D736EEC00F45FA4 = {
						CreatedOnToolsVersion = 16.0;
						TestTargetID = 600EAECC2D736EEA00F45FA4;
					};
				};
			};
			buildConfigurationList = 600EAEC82D736EEA00F45FA4 /* Build configuration list for PBXProject "Die" */;
			developmentRegion = en;
			hasScannedForEncodings = 0;
			knownRegions = (
				en,
				Base,
			);
			mainGroup = 600EAEC42D736EEA00F45FA4;
			minimizedProjectReferenceProxies = 1;
			preferredProjectObjectVersion = 77;
			productRefGroup = 600EAECE2D736EEA00F45FA4 /* Products */;
			projectDirPath = "";
			projectRoot = "";
			targets = (
				600EAECC2D736EEA00F45FA4 /* Die */,
				600EAEE02D736EEC00F45FA4 /* DieTests */,
				600EAEEA2D736EEC00F45FA4 /* DieUITests */,
			);
		};
/* End PBXProject section */

/* Begin PBXResourcesBuildPhase section */
		600EAECB2D736EEA00F45FA4 /* Resources */ = {
			isa = PBXResourcesBuildPhase;
			buildActionMask = 2147483647;
			files = (
			);
			runOnlyForDeploymentPostprocessing = 0;
		};
		600EAEDF2D736EEC00F45FA4 /* Resources */ = {
			isa = PBXResourcesBuildPhase;
			buildActionMask = 2147483647;
			files = (
			);
			runOnlyForDeploymentPostprocessing = 0;
		};
		600EAEE92D736EEC00F45FA4 /* Resources */ = {
			isa = PBXResourcesBuildPhase;
			buildActionMask = 2147483647;
			files = (
			);
			runOnlyForDeploymentPostprocessing = 0;
		};
/* End PBXResourcesBuildPhase section */

/* Begin PBXSourcesBuildPhase section */
		600EAEC92D736EEA00F45FA4 /* Sources */ = {
			isa = PBXSourcesBuildPhase;
			buildActionMask = 2147483647;
			files = (
			);
			runOnlyForDeploymentPostprocessing = 0;
		};
		600EAEDD2D736EEC00F45FA4 /* Sources */ = {
			isa = PBXSourcesBuildPhase;
			buildActionMask = 2147483647;
			files = (
			);
			runOnlyForDeploymentPostprocessing = 0;
		};
		600EAEE72D736EEC00F45FA4 /* Sources */ = {
			isa = PBXSourcesBuildPhase;
			buildActionMask = 2147483647;
			files = (
			);
			runOnlyForDeploymentPostprocessing = 0;
		};
/* End PBXSourcesBuildPhase section */

/* Begin PBXTargetDependency section */
		600EAEE32D736EEC00F45FA4 /* PBXTargetDependency */ = {
			isa = PBXTargetDependency;
			target = 600EAECC2D736EEA00F45FA4 /* Die */;
			targetProxy = 600EAEE22D736EEC00F45FA4 /* PBXContainerItemProxy */;
		};
		600EAEED2D736EEC00F45FA4 /* PBXTargetDependency */ = {
			isa = PBXTargetDependency;
			target = 600EAECC2D736EEA00F45FA4 /* Die */;
			targetProxy = 600EAEEC2D736EEC00F45FA4 /* PBXContainerItemProxy */;
		};
/* End PBXTargetDependency section */

/* Begin XCBuildConfiguration section */
		600EAEF52D736EEC00F45FA4 /* Debug */ = {
			isa = XCBuildConfiguration;
			buildSettings = {
				ASSETCATALOG_COMPILER_APPICON_NAME = AppIcon;
				ASSETCATALOG_COMPILER_GLOBAL_ACCENT_COLOR_NAME = AccentColor;
				CODE_SIGN_ENTITLEMENTS = Die/Die.entitlements;
				CODE_SIGN_STYLE = Automatic;
				CURRENT_PROJECT_VERSION = 1;
				DEVELOPMENT_ASSET_PATHS = "\"Die/Preview Content\"";
				DEVELOPMENT_TEAM = KRJ5CMXKT5;
				ENABLE_PREVIEWS = YES;
				GENERATE_INFOPLIST_FILE = YES;
				INFOPLIST_FILE = Die/Info.plist;
				INFOPLIST_KEY_UIApplicationSceneManifest_Generation = YES;
				INFOPLIST_KEY_UIApplicationSupportsIndirectInputEvents = YES;
				INFOPLIST_KEY_UILaunchScreen_Generation = YES;
				INFOPLIST_KEY_UISupportedInterfaceOrientations_iPad = "UIInterfaceOrientationPortrait UIInterfaceOrientationPortraitUpsideDown UIInterfaceOrientationLandscapeLeft UIInterfaceOrientationLandscapeRight";
				INFOPLIST_KEY_UISupportedInterfaceOrientations_iPhone = "UIInterfaceOrientationPortrait UIInterfaceOrientationLandscapeLeft UIInterfaceOrientationLandscapeRight";
				LD_RUNPATH_SEARCH_PATHS = (
					"$(inherited)",
					"@executable_path/Frameworks",
				);
				MARKETING_VERSION = 1.0;
				PRODUCT_BUNDLE_IDENTIFIER = com.ratbum.Die;
				PRODUCT_NAME = "$(TARGET_NAME)";
				SWIFT_EMIT_LOC_STRINGS = YES;
				SWIFT_VERSION = 5.0;
				TARGETED_DEVICE_FAMILY = "1,2";
			};
			name = Debug;
		};
		600EAEF62D736EEC00F45FA4 /* Release */ = {
			isa = XCBuildConfiguration;
			buildSettings = {
				ASSETCATALOG_COMPILER_APPICON_NAME = AppIcon;
				ASSETCATALOG_COMPILER_GLOBAL_ACCENT_COLOR_NAME = AccentColor;
				CODE_SIGN_ENTITLEMENTS = Die/Die.entitlements;
				CODE_SIGN_STYLE = Automatic;
				CURRENT_PROJECT_VERSION = 1;
				DEVELOPMENT_ASSET_PATHS = "\"Die/Preview Content\"";
				DEVELOPMENT_TEAM = KRJ5CMXKT5;
				ENABLE_PREVIEWS = YES;
				GENERATE_INFOPLIST_FILE = YES;
				INFOPLIST_FILE = Die/Info.plist;
				INFOPLIST_KEY_UIApplicationSceneManifest_Generation = YES;
				INFOPLIST_KEY_UIApplicationSupportsIndirectInputEvents = YES;
				INFOPLIST_KEY_UILaunchScreen_Generation = YES;
				INFOPLIST_KEY_UISupportedInterfaceOrientations_iPad = "UIInterfaceOrientationPortrait UIInterfaceOrientationPortraitUpsideDown UIInterfaceOrientationLandscapeLeft UIInterfaceOrientationLandscapeRight";
				INFOPLIST_KEY_UISupportedInterfaceOrientations_iPhone = "UIInterfaceOrientationPortrait UIInterfaceOrientationLandscapeLeft UIInterfaceOrientationLandscapeRight";
				LD_RUNPATH_SEARCH_PATHS = (
					"$(inherited)",
					"@executable_path/Frameworks",
				);
				MARKETING_VERSION = 1.0;
				PRODUCT_BUNDLE_IDENTIFIER = com.ratbum.Die;
				PRODUCT_NAME = "$(TARGET_NAME)";
				SWIFT_EMIT_LOC_STRINGS = YES;
				SWIFT_VERSION = 5.0;
				TARGETED_DEVICE_FAMILY = "1,2";
			};
			name = Release;
		};
		600EAEF72D736EEC00F45FA4 /* Debug */ = {
			isa = XCBuildConfiguration;
			buildSettings = {
				ALWAYS_SEARCH_USER_PATHS = NO;
				ASSETCATALOG_COMPILER_GENERATE_SWIFT_ASSET_SYMBOL_EXTENSIONS = YES;
				CLANG_ANALYZER_NONNULL = YES;
				CLANG_ANALYZER_NUMBER_OBJECT_CONVERSION = YES_AGGRESSIVE;
				CLANG_CXX_LANGUAGE_STANDARD = "gnu++20";
				CLANG_ENABLE_MODULES = YES;
				CLANG_ENABLE_OBJC_ARC = YES;
				CLANG_ENABLE_OBJC_WEAK = YES;
				CLANG_WARN_BLOCK_CAPTURE_AUTORELEASING = YES;
				CLANG_WARN_BOOL_CONVERSION = YES;
				CLANG_WARN_COMMA = YES;
				CLANG_WARN_CONSTANT_CONVERSION = YES;
				CLANG_WARN_DEPRECATED_OBJC_IMPLEMENTATIONS = YES;
				CLANG_WARN_DIRECT_OBJC_ISA_USAGE = YES_ERROR;
				CLANG_WARN_DOCUMENTATION_COMMENTS = YES;
				CLANG_WARN_EMPTY_BODY = YES;
				CLANG_WARN_ENUM_CONVERSION = YES;
				CLANG_WARN_INFINITE_RECURSION = YES;
				CLANG_WARN_INT_CONVERSION = YES;
				CLANG_WARN_NON_LITERAL_NULL_CONVERSION = YES;
				CLANG_WARN_OBJC_IMPLICIT_RETAIN_SELF = YES;
				CLANG_WARN_OBJC_LITERAL_CONVERSION = YES;
				CLANG_WARN_OBJC_ROOT_CLASS = YES_ERROR;
				CLANG_WARN_QUOTED_INCLUDE_IN_FRAMEWORK_HEADER = YES;
				CLANG_WARN_RANGE_LOOP_ANALYSIS = YES;
				CLANG_WARN_STRICT_PROTOTYPES = YES;
				CLANG_WARN_SUSPICIOUS_MOVE = YES;
				CLANG_WARN_UNGUARDED_AVAILABILITY = YES_AGGRESSIVE;
				CLANG_WARN_UNREACHABLE_CODE = YES;
				CLANG_WARN__DUPLICATE_METHOD_MATCH = YES;
				COPY_PHASE_STRIP = NO;
				DEBUG_INFORMATION_FORMAT = dwarf;
				ENABLE_STRICT_OBJC_MSGSEND = YES;
				ENABLE_TESTABILITY = YES;
				ENABLE_USER_SCRIPT_SANDBOXING = YES;
				GCC_C_LANGUAGE_STANDARD = gnu17;
				GCC_DYNAMIC_NO_PIC = NO;
				GCC_NO_COMMON_BLOCKS = YES;
				GCC_OPTIMIZATION_LEVEL = 0;
				GCC_PREPROCESSOR_DEFINITIONS = (
					"DEBUG=1",
					"$(inherited)",
				);
				GCC_WARN_64_TO_32_BIT_CONVERSION = YES;
				GCC_WARN_ABOUT_RETURN_TYPE = YES_ERROR;
				GCC_WARN_UNDECLARED_SELECTOR = YES;
				GCC_WARN_UNINITIALIZED_AUTOS = YES_AGGRESSIVE;
				GCC_WARN_UNUSED_FUNCTION = YES;
				GCC_WARN_UNUSED_VARIABLE = YES;
				IPHONEOS_DEPLOYMENT_TARGET = 18.0;
				LOCALIZATION_PREFERS_STRING_CATALOGS = YES;
				MTL_ENABLE_DEBUG_INFO = INCLUDE_SOURCE;
				MTL_FAST_MATH = YES;
				ONLY_ACTIVE_ARCH = YES;
				SDKROOT = iphoneos;
				SWIFT_ACTIVE_COMPILATION_CONDITIONS = "DEBUG $(inherited)";
				SWIFT_OPTIMIZATION_LEVEL = "-Onone";
			};
			name = Debug;
		};
		600EAEF82D736EEC00F45FA4 /* Release */ = {
			isa = XCBuildConfiguration;
			buildSettings = {
				ALWAYS_SEARCH_USER_PATHS = NO;
				ASSETCATALOG_COMPILER_GENERATE_SWIFT_ASSET_SYMBOL_EXTENSIONS = YES;
				CLANG_ANALYZER_NONNULL = YES;
				CLANG_ANALYZER_NUMBER_OBJECT_CONVERSION = YES_AGGRESSIVE;
				CLANG_CXX_LANGUAGE_STANDARD = "gnu++20";
				CLANG_ENABLE_MODULES = YES;
				CLANG_ENABLE_OBJC_ARC = YES;
				CLANG_ENABLE_OBJC_WEAK = YES;
				CLANG_WARN_BLOCK_CAPTURE_AUTORELEASING = YES;
				CLANG_WARN_BOOL_CONVERSION = YES;
				CLANG_WARN_COMMA = YES;
				CLANG_WARN_CONSTANT_CONVERSION = YES;
				CLANG_WARN_DEPRECATED_OBJC_IMPLEMENTATIONS = YES;
				CLANG_WARN_DIRECT_OBJC_ISA_USAGE = YES_ERROR;
				CLANG_WARN_DOCUMENTATION_COMMENTS = YES;
				CLANG_WARN_EMPTY_BODY = YES;
				CLANG_WARN_ENUM_CONVERSION = YES;
				CLANG_WARN_INFINITE_RECURSION = YES;
				CLANG_WARN_INT_CONVERSION = YES;
				CLANG_WARN_NON_LITERAL_NULL_CONVERSION = YES;
				CLANG_WARN_OBJC_IMPLICIT_RETAIN_SELF = YES;
				CLANG_WARN_OBJC_LITERAL_CONVERSION = YES;
				CLANG_WARN_OBJC_ROOT_CLASS = YES_ERROR;
				CLANG_WARN_QUOTED_INCLUDE_IN_FRAMEWORK_HEADER = YES;
				CLANG_WARN_RANGE_LOOP_ANALYSIS = YES;
				CLANG_WARN_STRICT_PROTOTYPES = YES;
				CLANG_WARN_SUSPICIOUS_MOVE = YES;
				CLANG_WARN_UNGUARDED_AVAILABILITY = YES_AGGRESSIVE;
				CLANG_WARN_UNREACHABLE_CODE = YES;
				CLANG_WARN__DUPLICATE_METHOD_MATCH = YES;
				COPY_PHASE_STRIP = NO;
				DEBUG_INFORMATION_FORMAT = "dwarf-with-dsym";
				ENABLE_NS_ASSERTIONS = NO;
				ENABLE_STRICT_OBJC_MSGSEND = YES;
				ENABLE_USER_SCRIPT_SANDBOXING = YES;
				GCC_C_LANGUAGE_STANDARD = gnu17;
				GCC_NO_COMMON_BLOCKS = YES;
				GCC_WARN_64_TO_32_BIT_CONVERSION = YES;
				GCC_WARN_ABOUT_RETURN_TYPE = YES_ERROR;
				GCC_WARN_UNDECLARED_SELECTOR = YES;
				GCC_WARN_UNINITIALIZED_AUTOS = YES_AGGRESSIVE;
				GCC_WARN_UNUSED_FUNCTION = YES;
				GCC_WARN_UNUSED_VARIABLE = YES;
				IPHONEOS_DEPLOYMENT_TARGET = 18.0;
				LOCALIZATION_PREFERS_STRING_CATALOGS = YES;
				MTL_ENABLE_DEBUG_INFO = NO;
				MTL_FAST_MATH = YES;
				SDKROOT = iphoneos;
				SWIFT_COMPILATION_MODE = wholemodule;
				VALIDATE_PRODUCT = YES;
			};
			name = Release;
		};
		600EAEFA2D736EEC00F45FA4 /* Debug */ = {
			isa = XCBuildConfiguration;
			buildSettings = {
				BUNDLE_LOADER = "$(TEST_HOST)";
				CODE_SIGN_STYLE = Automatic;
				CURRENT_PROJECT_VERSION = 1;
				DEVELOPMENT_TEAM = KRJ5CMXKT5;
				GENERATE_INFOPLIST_FILE = YES;
				IPHONEOS_DEPLOYMENT_TARGET = 18.0;
				MARKETING_VERSION = 1.0;
				PRODUCT_BUNDLE_IDENTIFIER = com.ratbum.DieTests;
				PRODUCT_NAME = "$(TARGET_NAME)";
				SWIFT_EMIT_LOC_STRINGS = NO;
				SWIFT_VERSION = 5.0;
				TARGETED_DEVICE_FAMILY = "1,2";
				TEST_HOST = "$(BUILT_PRODUCTS_DIR)/Die.app/$(BUNDLE_EXECUTABLE_FOLDER_PATH)/Die";
			};
			name = Debug;
		};
		600EAEFB2D736EEC00F45FA4 /* Release */ = {
			isa = XCBuildConfiguration;
			buildSettings = {
				BUNDLE_LOADER = "$(TEST_HOST)";
				CODE_SIGN_STYLE = Automatic;
				CURRENT_PROJECT_VERSION = 1;
				DEVELOPMENT_TEAM = KRJ5CMXKT5;
				GENERATE_INFOPLIST_FILE = YES;
				IPHONEOS_DEPLOYMENT_TARGET = 18.0;
				MARKETING_VERSION = 1.0;
				PRODUCT_BUNDLE_IDENTIFIER = com.ratbum.DieTests;
				PRODUCT_NAME = "$(TARGET_NAME)";
				SWIFT_EMIT_LOC_STRINGS = NO;
				SWIFT_VERSION = 5.0;
				TARGETED_DEVICE_FAMILY = "1,2";
				TEST_HOST = "$(BUILT_PRODUCTS_DIR)/Die.app/$(BUNDLE_EXECUTABLE_FOLDER_PATH)/Die";
			};
			name = Release;
		};
		600EAEFD2D736EEC00F45FA4 /* Debug */ = {
			isa = XCBuildConfiguration;
			buildSettings = {
				CODE_SIGN_STYLE = Automatic;
				CURRENT_PROJECT_VERSION = 1;
				DEVELOPMENT_TEAM = KRJ5CMXKT5;
				GENERATE_INFOPLIST_FILE = YES;
				MARKETING_VERSION = 1.0;
				PRODUCT_BUNDLE_IDENTIFIER = com.ratbum.DieUITests;
				PRODUCT_NAME = "$(TARGET_NAME)";
				SWIFT_EMIT_LOC_STRINGS = NO;
				SWIFT_VERSION = 5.0;
				TARGETED_DEVICE_FAMILY = "1,2";
				TEST_TARGET_NAME = Die;
			};
			name = Debug;
		};
		600EAEFE2D736EEC00F45FA4 /* Release */ = {
			isa = XCBuildConfiguration;
			buildSettings = {
				CODE_SIGN_STYLE = Automatic;
				CURRENT_PROJECT_VERSION = 1;
				DEVELOPMENT_TEAM = KRJ5CMXKT5;
				GENERATE_INFOPLIST_FILE = YES;
				MARKETING_VERSION = 1.0;
				PRODUCT_BUNDLE_IDENTIFIER = com.ratbum.DieUITests;
				PRODUCT_NAME = "$(TARGET_NAME)";
				SWIFT_EMIT_LOC_STRINGS = NO;
				SWIFT_VERSION = 5.0;
				TARGETED_DEVICE_FAMILY = "1,2";
				TEST_TARGET_NAME = Die;
			};
			name = Release;
		};
/* End XCBuildConfiguration section */

/* Begin XCConfigurationList section */
		600EAEC82D736EEA00F45FA4 /* Build configuration list for PBXProject "Die" */ = {
			isa = XCConfigurationList;
			buildConfigurations = (
				600EAEF72D736EEC00F45FA4 /* Debug */,
				600EAEF82D736EEC00F45FA4 /* Release */,
			);
			defaultConfigurationIsVisible = 0;
			defaultConfigurationName = Release;
		};
		600EAEF42D736EEC00F45FA4 /* Build configuration list for PBXNativeTarget "Die" */ = {
			isa = XCConfigurationList;
			buildConfigurations = (
				600EAEF52D736EEC00F45FA4 /* Debug */,
				600EAEF62D736EEC00F45FA4 /* Release */,
			);
			defaultConfigurationIsVisible = 0;
			defaultConfigurationName = Release;
		};
		600EAEF92D736EEC00F45FA4 /* Build configuration list for PBXNativeTarget "DieTests" */ = {
			isa = XCConfigurationList;
			buildConfigurations = (
				600EAEFA2D736EEC00F45FA4 /* Debug */,
				600EAEFB2D736EEC00F45FA4 /* Release */,
			);
			defaultConfigurationIsVisible = 0;
			defaultConfigurationName = Release;
		};
		600EAEFC2D736EEC00F45FA4 /* Build configuration list for PBXNativeTarget "DieUITests" */ = {
			isa = XCConfigurationList;
			buildConfigurations = (
				600EAEFD2D736EEC00F45FA4 /* Debug */,
				600EAEFE2D736EEC00F45FA4 /* Release */,
			);
			defaultConfigurationIsVisible = 0;
			defaultConfigurationName = Release;
		};
/* End XCConfigurationList section */
	};
	rootObject = 600EAEC52D736EEA00F45FA4 /* Project object */;
}
